# This file is generated by running "yarn install" inside your project.
# Manual changes might be lost - proceed with caution!

__metadata:
  version: 8
  cacheKey: 10

"@types/node@npm:^20.8.9":
  version: 20.8.9
  resolution: "@types/node@npm:20.8.9"
  dependencies:
    undici-types: "npm:~5.26.4"
  checksum: 71e0023342272e63c47f3fab6082bd6c89d0b0c4262a1c2d0d52458560077f5c28ef5cfe704306eac43fc2e5111bef4e1cdbf08f565650520fad5e54005a8836
  languageName: node
  linkType: hard

"find-up@npm:^6.3.0":
  version: 6.3.0
  resolution: "find-up@npm:6.3.0"
  dependencies:
    locate-path: "npm:^7.1.0"
    path-exists: "npm:^5.0.0"
  checksum: 4f3bdc30d41778c647e53f4923e72de5e5fb055157031f34501c5b36c2eb59f77b997edf9cb00165c6060cda7eaa2e3da82cb6be2e61d68ad3e07c4bc4cce67e
  languageName: node
  linkType: hard

"locate-path@npm:^7.1.0":
  version: 7.2.0
  resolution: "locate-path@npm:7.2.0"
  dependencies:
    p-locate: "npm:^6.0.0"
  checksum: 1c6d269d4efec555937081be964e8a9b4a136319c79ca1d45ac6382212a8466113c75bd89e44521ca8ecd1c47fb08523b56eee5c0712bc7d14fec5f729deeb42
  languageName: node
  linkType: hard

"next-firebase-hosting-rewrites@workspace:.":
  version: 0.0.0-use.local
  resolution: "next-firebase-hosting-rewrites@workspace:."
  dependencies:
    "@types/node": "npm:^20.8.9"
    find-up: "npm:^6.3.0"
    prettier: "npm:^3.0.3"
    typescript: "npm:^5.2.2"
  languageName: unknown
  linkType: soft

"p-limit@npm:^4.0.0":
  version: 4.0.0
  resolution: "p-limit@npm:4.0.0"
  dependencies:
    yocto-queue: "npm:^1.0.0"
  checksum: 01d9d70695187788f984226e16c903475ec6a947ee7b21948d6f597bed788e3112cc7ec2e171c1d37125057a5f45f3da21d8653e04a3a793589e12e9e80e756b
  languageName: node
  linkType: hard

"p-locate@npm:^6.0.0":
  version: 6.0.0
  resolution: "p-locate@npm:6.0.0"
  dependencies:
    p-limit: "npm:^4.0.0"
  checksum: 2bfe5234efa5e7a4e74b30a5479a193fdd9236f8f6b4d2f3f69e3d286d9a7d7ab0c118a2a50142efcf4e41625def635bd9332d6cbf9cc65d85eb0718c579ab38
  languageName: node
  linkType: hard

"path-exists@npm:^5.0.0":
  version: 5.0.0
  resolution: "path-exists@npm:5.0.0"
  checksum: 8ca842868cab09423994596eb2c5ec2a971c17d1a3cb36dbf060592c730c725cd524b9067d7d2a1e031fef9ba7bd2ac6dc5ec9fb92aa693265f7be3987045254
  languageName: node
  linkType: hard

"prettier@npm:^3.0.3":
  version: 3.0.3
  resolution: "prettier@npm:3.0.3"
  bin:
    prettier: bin/prettier.cjs
  checksum: ccf1ead9794b017be6b42d0873f459070beef2069eb393c8b4c0d11aa3430acefc54f6d5f44a5b7ce9af05ad8daf694b912f0aa2808d1c22dfa86e61e9d563f8
  languageName: node
  linkType: hard

"typescript@npm:^5.2.2":
  version: 5.2.2
  resolution: "typescript@npm:5.2.2"
  bin:
    tsc: bin/tsc
    tsserver: bin/tsserver
  checksum: d65e50eb849bd21ff8677e5b9447f9c6e74777e346afd67754934264dcbf4bd59e7d2473f6062d9a015d66bd573311166357e3eb07fea0b52859cf9bb2b58555
  languageName: node
  linkType: hard

"typescript@patch:typescript@npm%3A^5.2.2#optional!builtin<compat/typescript>":
  version: 5.2.2
  resolution: "typescript@patch:typescript@npm%3A5.2.2#optional!builtin<compat/typescript>::version=5.2.2&hash=f3b441"
  bin:
    tsc: bin/tsc
    tsserver: bin/tsserver
  checksum: f79cc2ba802c94c2b78dbb00d767a10adb67368ae764709737dc277273ec148aa4558033a03ce901406b35fddf4eac46dabc94a1e1d12d2587e2b9cfe5707b4a
  languageName: node
  linkType: hard

"undici-types@npm:~5.26.4":
  version: 5.26.5
  resolution: "undici-types@npm:5.26.5"
  checksum: 0097779d94bc0fd26f0418b3a05472410408877279141ded2bd449167be1aed7ea5b76f756562cb3586a07f251b90799bab22d9019ceba49c037c76445f7cddd
  languageName: node
  linkType: hard

"yocto-queue@npm:^1.0.0":
  version: 1.0.0
  resolution: "yocto-queue@npm:1.0.0"
  checksum: 2cac84540f65c64ccc1683c267edce396b26b1e931aa429660aefac8fbe0188167b7aee815a3c22fa59a28a58d898d1a2b1825048f834d8d629f4c2a5d443801
  languageName: node
  linkType: hard
