# This file is generated by running "yarn install" inside your project.
# Manual changes might be lost - proceed with caution!

__metadata:
  version: 4
  cacheKey: 7

"@types/node@npm:^15.3.0":
  version: 15.3.0
  resolution: "@types/node@npm:15.3.0"
  checksum: 44039665ab71a6ec12e6637a9db4ec3123fdfaf52952ca8028a6f1b37c41c2d380e88d28a41e02693bf9d4815307e0ad938815bf8ffedc5f4d045855fa28db06
  languageName: node
  linkType: hard

"find-up@npm:^5.0.0":
  version: 5.0.0
  resolution: "find-up@npm:5.0.0"
  dependencies:
    locate-path: ^6.0.0
    path-exists: ^4.0.0
  checksum: cd0b77415bc59e5af31e4e1b29c6ff8d965d9ca3c60a4b74161f8f116c0d1ad8d35bc6e53bf8f92c69e704e98183f1628a363ed7d519eb28eff54378b8f167a7
  languageName: node
  linkType: hard

"locate-path@npm:^6.0.0":
  version: 6.0.0
  resolution: "locate-path@npm:6.0.0"
  dependencies:
    p-locate: ^5.0.0
  checksum: 4c379638152e0e5fda9a8cc07005702f81fcb9899db0f66d691ac1e64193dea670af14e96c50f14d82d45959daa4c400cb712c158cffe22ae265bfc1b1e3a221
  languageName: node
  linkType: hard

"next-firebase-hosting-rewrites@workspace:.":
  version: 0.0.0-use.local
  resolution: "next-firebase-hosting-rewrites@workspace:."
  dependencies:
    "@types/node": ^15.3.0
    find-up: ^5.0.0
    prettier: ^2.3.0
    typescript: ^4.2.4
  languageName: unknown
  linkType: soft

"p-limit@npm:^3.0.2":
  version: 3.1.0
  resolution: "p-limit@npm:3.1.0"
  dependencies:
    yocto-queue: ^0.1.0
  checksum: 5301db6a34fc1fe3714ae562c100a0567d8c16ce9db800f547bbe75efc045c40cd74c4a4c893279975dcf15afc1217c8d2c93fe957a156a3a43d7cce98eaad2e
  languageName: node
  linkType: hard

"p-locate@npm:^5.0.0":
  version: 5.0.0
  resolution: "p-locate@npm:5.0.0"
  dependencies:
    p-limit: ^3.0.2
  checksum: a233d775c870e00c734adabd29f66f93824df076683c0d5a2dc16e5285b02d80c1bf3bab43b9881e4a5b16b37bb86f1922aebb094674703d30a4973041d5c0f6
  languageName: node
  linkType: hard

"path-exists@npm:^4.0.0":
  version: 4.0.0
  resolution: "path-exists@npm:4.0.0"
  checksum: 6ab15000c5bea4f3e6e6b651983276e27ee42907ea29f5bd68f0d5c425c22f1664ab53c355099723f59b0bfd31aa52d29ea499e1843bf62543e045698f4c77b2
  languageName: node
  linkType: hard

"prettier@npm:^2.3.0":
  version: 2.3.0
  resolution: "prettier@npm:2.3.0"
  bin:
    prettier: bin-prettier.js
  checksum: 652640cc8b71bc5277cfb8bf6f161783ca588efcf683c3d630837b39da8d57fef35c9e00ae5855a8e3c75136c42274046c913cc2b2d2968558315f31c6a26981
  languageName: node
  linkType: hard

typescript@^4.2.4:
  version: 4.2.4
  resolution: "typescript@npm:4.2.4"
  bin:
    tsc: bin/tsc
    tsserver: bin/tsserver
  checksum: edaede2fa77f56b7fba80ee624a2368ab1216e75b0434d968ccb47ab0a5e2f6d94f848b3b111c1237dd71e988cd376af26370dcdad3b94355c76e759f0dd0a1e
  languageName: node
  linkType: hard

"typescript@patch:typescript@^4.2.4#builtin<compat/typescript>":
  version: 4.2.4
  resolution: "typescript@patch:typescript@npm%3A4.2.4#builtin<compat/typescript>::version=4.2.4&hash=a45b0e"
  bin:
    tsc: bin/tsc
    tsserver: bin/tsserver
  checksum: 3be44317593182e8ce494c114e7ad9b0bb2553a22f3085cc6da4f0a36912c20850daa9be4c898af2ab6fc8b12f430c1c9e46ac715721867cd38643f2350d3ef9
  languageName: node
  linkType: hard

"yocto-queue@npm:^0.1.0":
  version: 0.1.0
  resolution: "yocto-queue@npm:0.1.0"
  checksum: 096c3b40beb2804659539be1605a35c58eb0c85285f94b77b3e924f42ee265c1a40bf9f4153770039517146b469a964d51742395f35ca8135fc9f7e4982b785d
  languageName: node
  linkType: hard
